
Microsoft Visual Studio Solution File, Format Version 11.00
# Visual Studio 2010
Project("{FAE04EC0-301F-11D3-BF4B-00C04F79EFBC}") = "WaniKaniApp", "WaniKaniApp\WaniKaniApp.csproj", "{AC47E8F6-4436-4FFF-AF3D-F3F7A538696F}"
EndProject
Project("{FAE04EC0-301F-11D3-BF4B-00C04F79EFBC}") = "WaniKaniClient", "WaniKaniClient\WaniKaniClient.csproj", "{6546956C-826B-4A5C-B639-A0F909C68F31}"
EndProject
Global
	GlobalSection(SolutionConfigurationPlatforms) = preSolution
		Debug|Any CPU = Debug|Any CPU
		Debug|Mixed Platforms = Debug|Mixed Platforms
		Debug|x86 = Debug|x86
		Release|Any CPU = Release|Any CPU
		Release|Mixed Platforms = Release|Mixed Platforms
		Release|x86 = Release|x86
	EndGlobalSection
	GlobalSection(ProjectConfigurationPlatforms) = postSolution
		{AC47E8F6-4436-4FFF-AF3D-F3F7A538696F}.Debug|Any CPU.ActiveCfg = Debug|x86
		{AC47E8F6-4436-4FFF-AF3D-F3F7A538696F}.Debug|Mixed Platforms.ActiveCfg = Debug|x86
		{AC47E8F6-4436-4FFF-AF3D-F3F7A538696F}.Debug|Mixed Platforms.Build.0 = Debug|x86
		{AC47E8F6-4436-4FFF-AF3D-F3F7A538696F}.Debug|x86.ActiveCfg = Debug|x86
		{AC47E8F6-4436-4FFF-AF3D-F3F7A538696F}.Debug|x86.Build.0 = Debug|x86
		{AC47E8F6-4436-4FFF-AF3D-F3F7A538696F}.Release|Any CPU.ActiveCfg = Release|x86
		{AC47E8F6-4436-4FFF-AF3D-F3F7A538696F}.Release|Mixed Platforms.ActiveCfg = Release|x86
		{AC47E8F6-4436-4FFF-AF3D-F3F7A538696F}.Release|Mixed Platforms.Build.0 = Release|x86
		{AC47E8F6-4436-4FFF-AF3D-F3F7A538696F}.Release|x86.ActiveCfg = Release|x86
		{AC47E8F6-4436-4FFF-AF3D-F3F7A538696F}.Release|x86.Build.0 = Release|x86
		{6546956C-826B-4A5C-B639-A0F909C68F31}.Debug|Any CPU.ActiveCfg = Debug|Any CPU
		{6546956C-826B-4A5C-B639-A0F909C68F31}.Debug|Any CPU.Build.0 = Debug|Any CPU
		{6546956C-826B-4A5C-B639-A0F909C68F31}.Debug|Mixed Platforms.ActiveCfg = Debug|Any CPU
		{6546956C-826B-4A5C-B639-A0F909C68F31}.Debug|Mixed Platforms.Build.0 = Debug|Any CPU
		{6546956C-826B-4A5C-B639-A0F909C68F31}.Debug|x86.ActiveCfg = Debug|Any CPU
		{6546956C-826B-4A5C-B639-A0F909C68F31}.Release|Any CPU.ActiveCfg = Release|Any CPU
		{6546956C-826B-4A5C-B639-A0F909C68F31}.Release|Any CPU.Build.0 = Release|Any CPU
		{6546956C-826B-4A5C-B639-A0F909C68F31}.Release|Mixed Platforms.ActiveCfg = Release|Any CPU
		{6546956C-826B-4A5C-B639-A0F909C68F31}.Release|Mixed Platforms.Build.0 = Release|Any CPU
		{6546956C-826B-4A5C-B639-A0F909C68F31}.Release|x86.ActiveCfg = Release|Any CPU
	EndGlobalSection
	GlobalSection(SolutionProperties) = preSolution
		HideSolutionNode = FALSE
	EndGlobalSection
EndGlobal
